
Microsoft Visual Studio Solution File, Format Version 12.00
# Visual Studio Version 16
VisualStudioVersion = 16.0.28729.10
MinimumVisualStudioVersion = 10.0.40219.1
Project("{2150E333-8FDC-42A3-9474-1A3956D46DE8}") = "05.Activities", "05.Activities", "{AC5F1BE0-23F2-4982-96E7-EC3C58EED0CE}"
EndProject
Project("{FAE04EC0-301F-11D3-BF4B-00C04F79EFBC}") = "ActivityLibrary1", "ActivityLibrary1\ActivityLibrary1.csproj", "{346F936A-D530-4899-9A81-D6A7F7748122}"
EndProject
Project("{FAE04EC0-301F-11D3-BF4B-00C04F79EFBC}") = "ActivityLibrary2", "ActivityLibrary2\ActivityLibrary2.csproj", "{B1661242-0CE2-4C22-8D9C-C701D8D499CC}"
EndProject
Project("{2150E333-8FDC-42A3-9474-1A3956D46DE8}") = "10.WorkFlowsTest", "10.WorkFlowsTest", "{B3425A7F-762B-4F53-B768-78F159CCE798}"
EndProject
Project("{FAE04EC0-301F-11D3-BF4B-00C04F79EFBC}") = "WorkFlows", "WorkFlows\WorkFlows.csproj", "{946414AE-CC8F-4434-BBC2-D09B9C64FF00}"
EndProject
Project("{FAE04EC0-301F-11D3-BF4B-00C04F79EFBC}") = "WorkflowsHostConsoleApplication", "WorkflowsHost\WorkflowsHostConsoleApplication.csproj", "{7B2465D8-14FB-4DE8-9D93-7090C5A01B77}"
EndProject
Project("{FAE04EC0-301F-11D3-BF4B-00C04F79EFBC}") = "ActivityLibrary3", "ActivityLibrary3\ActivityLibrary3.csproj", "{422A3C7D-8555-4822-9204-AC598CA5C94F}"
EndProject
Project("{FAE04EC0-301F-11D3-BF4B-00C04F79EFBC}") = "JsonActivitiesLibrary", "JsonActivitiesLibrary\JsonActivitiesLibrary.csproj", "{918D8093-3F1C-4EE9-9895-4257A18A0321}"
EndProject
Project("{2150E333-8FDC-42A3-9474-1A3956D46DE8}") = "00.WorkFlowsUtilities", "00.WorkFlowsUtilities", "{1CF526C0-2BA7-4675-BEF0-920D27BA402B}"
EndProject
Project("{FAE04EC0-301F-11D3-BF4B-00C04F79EFBC}") = "WorkFlowsUtility", "WorkFlowsUtility\WorkFlowsUtility.csproj", "{44008EE3-B54C-4F11-9C40-51087BDFF311}"
EndProject
Global
	GlobalSection(SolutionConfigurationPlatforms) = preSolution
		Debug|Any CPU = Debug|Any CPU
		Debug|x86 = Debug|x86
		Release|Any CPU = Release|Any CPU
		Release|x86 = Release|x86
	EndGlobalSection
	GlobalSection(ProjectConfigurationPlatforms) = postSolution
		{346F936A-D530-4899-9A81-D6A7F7748122}.Debug|Any CPU.ActiveCfg = Debug|Any CPU
		{346F936A-D530-4899-9A81-D6A7F7748122}.Debug|Any CPU.Build.0 = Debug|Any CPU
		{346F936A-D530-4899-9A81-D6A7F7748122}.Debug|x86.ActiveCfg = Debug|Any CPU
		{346F936A-D530-4899-9A81-D6A7F7748122}.Debug|x86.Build.0 = Debug|Any CPU
		{346F936A-D530-4899-9A81-D6A7F7748122}.Release|Any CPU.ActiveCfg = Release|Any CPU
		{346F936A-D530-4899-9A81-D6A7F7748122}.Release|Any CPU.Build.0 = Release|Any CPU
		{346F936A-D530-4899-9A81-D6A7F7748122}.Release|x86.ActiveCfg = Release|Any CPU
		{346F936A-D530-4899-9A81-D6A7F7748122}.Release|x86.Build.0 = Release|Any CPU
		{B1661242-0CE2-4C22-8D9C-C701D8D499CC}.Debug|Any CPU.ActiveCfg = Debug|Any CPU
		{B1661242-0CE2-4C22-8D9C-C701D8D499CC}.Debug|Any CPU.Build.0 = Debug|Any CPU
		{B1661242-0CE2-4C22-8D9C-C701D8D499CC}.Debug|x86.ActiveCfg = Debug|Any CPU
		{B1661242-0CE2-4C22-8D9C-C701D8D499CC}.Debug|x86.Build.0 = Debug|Any CPU
		{B1661242-0CE2-4C22-8D9C-C701D8D499CC}.Release|Any CPU.ActiveCfg = Release|Any CPU
		{B1661242-0CE2-4C22-8D9C-C701D8D499CC}.Release|Any CPU.Build.0 = Release|Any CPU
		{B1661242-0CE2-4C22-8D9C-C701D8D499CC}.Release|x86.ActiveCfg = Release|Any CPU
		{B1661242-0CE2-4C22-8D9C-C701D8D499CC}.Release|x86.Build.0 = Release|Any CPU
		{946414AE-CC8F-4434-BBC2-D09B9C64FF00}.Debug|Any CPU.ActiveCfg = Debug|Any CPU
		{946414AE-CC8F-4434-BBC2-D09B9C64FF00}.Debug|Any CPU.Build.0 = Debug|Any CPU
		{946414AE-CC8F-4434-BBC2-D09B9C64FF00}.Debug|x86.ActiveCfg = Debug|Any CPU
		{946414AE-CC8F-4434-BBC2-D09B9C64FF00}.Debug|x86.Build.0 = Debug|Any CPU
		{946414AE-CC8F-4434-BBC2-D09B9C64FF00}.Release|Any CPU.ActiveCfg = Release|Any CPU
		{946414AE-CC8F-4434-BBC2-D09B9C64FF00}.Release|Any CPU.Build.0 = Release|Any CPU
		{946414AE-CC8F-4434-BBC2-D09B9C64FF00}.Release|x86.ActiveCfg = Release|Any CPU
		{946414AE-CC8F-4434-BBC2-D09B9C64FF00}.Release|x86.Build.0 = Release|Any CPU
		{7B2465D8-14FB-4DE8-9D93-7090C5A01B77}.Debug|Any CPU.ActiveCfg = Debug|x86
		{7B2465D8-14FB-4DE8-9D93-7090C5A01B77}.Debug|x86.ActiveCfg = Debug|x86
		{7B2465D8-14FB-4DE8-9D93-7090C5A01B77}.Debug|x86.Build.0 = Debug|x86
		{7B2465D8-14FB-4DE8-9D93-7090C5A01B77}.Release|Any CPU.ActiveCfg = Release|x86
		{7B2465D8-14FB-4DE8-9D93-7090C5A01B77}.Release|x86.ActiveCfg = Release|x86
		{7B2465D8-14FB-4DE8-9D93-7090C5A01B77}.Release|x86.Build.0 = Release|x86
		{422A3C7D-8555-4822-9204-AC598CA5C94F}.Debug|Any CPU.ActiveCfg = Debug|Any CPU
		{422A3C7D-8555-4822-9204-AC598CA5C94F}.Debug|Any CPU.Build.0 = Debug|Any CPU
		{422A3C7D-8555-4822-9204-AC598CA5C94F}.Debug|x86.ActiveCfg = Debug|Any CPU
		{422A3C7D-8555-4822-9204-AC598CA5C94F}.Debug|x86.Build.0 = Debug|Any CPU
		{422A3C7D-8555-4822-9204-AC598CA5C94F}.Release|Any CPU.ActiveCfg = Release|Any CPU
		{422A3C7D-8555-4822-9204-AC598CA5C94F}.Release|Any CPU.Build.0 = Release|Any CPU
		{422A3C7D-8555-4822-9204-AC598CA5C94F}.Release|x86.ActiveCfg = Release|Any CPU
		{422A3C7D-8555-4822-9204-AC598CA5C94F}.Release|x86.Build.0 = Release|Any CPU
		{918D8093-3F1C-4EE9-9895-4257A18A0321}.Debug|Any CPU.ActiveCfg = Debug|Any CPU
		{918D8093-3F1C-4EE9-9895-4257A18A0321}.Debug|Any CPU.Build.0 = Debug|Any CPU
		{918D8093-3F1C-4EE9-9895-4257A18A0321}.Debug|x86.ActiveCfg = Debug|Any CPU
		{918D8093-3F1C-4EE9-9895-4257A18A0321}.Debug|x86.Build.0 = Debug|Any CPU
		{918D8093-3F1C-4EE9-9895-4257A18A0321}.Release|Any CPU.ActiveCfg = Release|Any CPU
		{918D8093-3F1C-4EE9-9895-4257A18A0321}.Release|Any CPU.Build.0 = Release|Any CPU
		{918D8093-3F1C-4EE9-9895-4257A18A0321}.Release|x86.ActiveCfg = Release|Any CPU
		{918D8093-3F1C-4EE9-9895-4257A18A0321}.Release|x86.Build.0 = Release|Any CPU
		{44008EE3-B54C-4F11-9C40-51087BDFF311}.Debug|Any CPU.ActiveCfg = Debug|Any CPU
		{44008EE3-B54C-4F11-9C40-51087BDFF311}.Debug|Any CPU.Build.0 = Debug|Any CPU
		{44008EE3-B54C-4F11-9C40-51087BDFF311}.Debug|x86.ActiveCfg = Debug|Any CPU
		{44008EE3-B54C-4F11-9C40-51087BDFF311}.Debug|x86.Build.0 = Debug|Any CPU
		{44008EE3-B54C-4F11-9C40-51087BDFF311}.Release|Any CPU.ActiveCfg = Release|Any CPU
		{44008EE3-B54C-4F11-9C40-51087BDFF311}.Release|Any CPU.Build.0 = Release|Any CPU
		{44008EE3-B54C-4F11-9C40-51087BDFF311}.Release|x86.ActiveCfg = Release|Any CPU
		{44008EE3-B54C-4F11-9C40-51087BDFF311}.Release|x86.Build.0 = Release|Any CPU
	EndGlobalSection
	GlobalSection(SolutionProperties) = preSolution
		HideSolutionNode = FALSE
	EndGlobalSection
	GlobalSection(NestedProjects) = preSolution
		{346F936A-D530-4899-9A81-D6A7F7748122} = {AC5F1BE0-23F2-4982-96E7-EC3C58EED0CE}
		{B1661242-0CE2-4C22-8D9C-C701D8D499CC} = {AC5F1BE0-23F2-4982-96E7-EC3C58EED0CE}
		{946414AE-CC8F-4434-BBC2-D09B9C64FF00} = {B3425A7F-762B-4F53-B768-78F159CCE798}
		{422A3C7D-8555-4822-9204-AC598CA5C94F} = {AC5F1BE0-23F2-4982-96E7-EC3C58EED0CE}
		{918D8093-3F1C-4EE9-9895-4257A18A0321} = {AC5F1BE0-23F2-4982-96E7-EC3C58EED0CE}
		{44008EE3-B54C-4F11-9C40-51087BDFF311} = {1CF526C0-2BA7-4675-BEF0-920D27BA402B}
	EndGlobalSection
	GlobalSection(ExtensibilityGlobals) = postSolution
		SolutionGuid = {D20A020A-4D97-4EDA-A7FA-76E5CCF1EB04}
	EndGlobalSection
EndGlobal
